Microsoft Visual Studio Solution File, Format Version 12.00
# Visual Studio Version 17
VisualStudioVersion = 17.5.2.0
MinimumVisualStudioVersion = 10.0.40219.1
Project("{2150E333-8FDC-42A3-9474-1A3956D46DE8}") = "backend", "backend", "{1AE8ACA6-933B-BF2A-3671-3E2EAC007D16}"
EndProject
Project("{FAE04EC0-301F-11D3-BF4B-00C04F79EFBC}") = "Mission11_Manirajan.API", "backend\Mission11_Manirajan.API\Mission11_Manirajan.API.csproj", "{F44C3288-16DE-7AD6-1093-7CD7D769EA2C}"
EndProject
Global
	GlobalSection(SolutionConfigurationPlatforms) = preSolution
		Debug|Any CPU = Debug|Any CPU
		Release|Any CPU = Release|Any CPU
	EndGlobalSection
	GlobalSection(ProjectConfigurationPlatforms) = postSolution
		{F44C3288-16DE-7AD6-1093-7CD7D769EA2C}.Debug|Any CPU.ActiveCfg = Debug|Any CPU
		{F44C3288-16DE-7AD6-1093-7CD7D769EA2C}.Debug|Any CPU.Build.0 = Debug|Any CPU
		{F44C3288-16DE-7AD6-1093-7CD7D769EA2C}.Release|Any CPU.ActiveCfg = Release|Any CPU
		{F44C3288-16DE-7AD6-1093-7CD7D769EA2C}.Release|Any CPU.Build.0 = Release|Any CPU
	EndGlobalSection
	GlobalSection(SolutionProperties) = preSolution
		HideSolutionNode = FALSE
	EndGlobalSection
	GlobalSection(NestedProjects) = preSolution
		{F44C3288-16DE-7AD6-1093-7CD7D769EA2C} = {1AE8ACA6-933B-BF2A-3671-3E2EAC007D16}
	EndGlobalSection
	GlobalSection(ExtensibilityGlobals) = postSolution
		SolutionGuid = {89D49EFC-452A-43B2-8AA7-95C90693D26E}
	EndGlobalSection
EndGlobal
